
Microsoft Visual Studio Solution File, Format Version 12.00
Project("{FAE04EC0-301F-11D3-BF4B-00C04F79EFBC}") = "HabitLogger", "HabitLogger\HabitLogger.csproj", "{326F912B-EBD5-4453-B096-AF6F2C27215F}"
EndProject
Global
	GlobalSection(SolutionConfigurationPlatforms) = preSolution
		Debug|Any CPU = Debug|Any CPU
		Release|Any CPU = Release|Any CPU
	EndGlobalSection
	GlobalSection(ProjectConfigurationPlatforms) = postSolution
		{326F912B-EBD5-4453-B096-AF6F2C27215F}.Debug|Any CPU.ActiveCfg = Debug|Any CPU
		{326F912B-EBD5-4453-B096-AF6F2C27215F}.Debug|Any CPU.Build.0 = Debug|Any CPU
		{326F912B-EBD5-4453-B096-AF6F2C27215F}.Release|Any CPU.ActiveCfg = Release|Any CPU
		{326F912B-EBD5-4453-B096-AF6F2C27215F}.Release|Any CPU.Build.0 = Release|Any CPU
	EndGlobalSection
EndGlobal
